
Microsoft Visual Studio Solution File, Format Version 12.00
# Visual Studio Version 16
VisualStudioVersion = 16.0.30804.86
MinimumVisualStudioVersion = 10.0.40219.1
Project("{FAE04EC0-301F-11D3-BF4B-00C04F79EFBC}") = "OSDUAcademy", "OSDUAcademy.csproj", "{31B6BD04-CA87-4B90-B8A2-7C17941A8953}"
EndProject
Project("{FAE04EC0-301F-11D3-BF4B-00C04F79EFBC}") = "OSDUAcademy.Data", "..\OSDUAcademy.Data\OSDUAcademy.Data.csproj", "{C58AC858-2B92-4640-A8E3-3C9515ECD560}"
EndProject
Global
	GlobalSection(SolutionConfigurationPlatforms) = preSolution
		Debug|Any CPU = Debug|Any CPU
		Release|Any CPU = Release|Any CPU
	EndGlobalSection
	GlobalSection(ProjectConfigurationPlatforms) = postSolution
		{31B6BD04-CA87-4B90-B8A2-7C17941A8953}.Debug|Any CPU.ActiveCfg = Debug|Any CPU
		{31B6BD04-CA87-4B90-B8A2-7C17941A8953}.Debug|Any CPU.Build.0 = Debug|Any CPU
		{31B6BD04-CA87-4B90-B8A2-7C17941A8953}.Release|Any CPU.ActiveCfg = Release|Any CPU
		{31B6BD04-CA87-4B90-B8A2-7C17941A8953}.Release|Any CPU.Build.0 = Release|Any CPU
		{C58AC858-2B92-4640-A8E3-3C9515ECD560}.Debug|Any CPU.ActiveCfg = Debug|Any CPU
		{C58AC858-2B92-4640-A8E3-3C9515ECD560}.Debug|Any CPU.Build.0 = Debug|Any CPU
		{C58AC858-2B92-4640-A8E3-3C9515ECD560}.Release|Any CPU.ActiveCfg = Release|Any CPU
		{C58AC858-2B92-4640-A8E3-3C9515ECD560}.Release|Any CPU.Build.0 = Release|Any CPU
	EndGlobalSection
	GlobalSection(SolutionProperties) = preSolution
		HideSolutionNode = FALSE
	EndGlobalSection
	GlobalSection(ExtensibilityGlobals) = postSolution
		SolutionGuid = {599770F3-292C-4070-B62D-5221B0445167}
	EndGlobalSection
EndGlobal
